<?xml version="1.0" encoding="utf-8"?>
<Project ToolsVersion="16.0" xmlns="http://schemas.microsoft.com/developer/msbuild/2003">
  <ItemGroup>
    <ClCompile Include="F:\GitHub\json_tutorial_impl\tutorial03\leptjson.c">
      <Filter>Source Files</Filter>
    </ClCompile>
  </ItemGroup>
  <ItemGroup>
    <CustomBuild Include="F:\GitHub\json_tutorial_impl\tutorial03\CMakeLists.txt" />
  </ItemGroup>
  <ItemGroup>
    <Filter Include="Source Files">
      <UniqueIdentifier>{E74918B9-09B2-32FF-9F93-16882F330AE8}</UniqueIdentifier>
    </Filter>
  </ItemGroup>
</Project>
